%{"amqp": {:hex, :amqp, "0.1.1"},
  "amqp_client": {:hex, :amqp_client, "3.5.0"},
  "ex_doc": {:git, "git://github.com/elixir-lang/ex_doc.git", "05d578569be0ef2d9231c881232ca53253bab7ca", []},
  "exactor": {:hex, :exactor, "2.1.2"},
  "exjsx": {:hex, :exjsx, "3.1.0"},
  "exvcr": {:git, "git://github.com/parroty/exvcr.git", "8ca24fcb0af3a26d16c848466977532633575f77", []},
  "fleet_api": {:hex, :fleet_api, "0.0.4"},
  "hackney": {:hex, :hackney, "1.1.0"},
  "hoedown": {:git, "git://github.com/hoedown/hoedown.git", "365ad578e7b767ffe7126f029c184d727a3e95b3", []},
  "httpoison": {:hex, :httpoison, "0.6.2"},
  "idna": {:hex, :idna, "1.0.2"},
  "json": {:hex, :json, "0.3.2"},
  "jsx": {:hex, :jsx, "2.4.0"},
  "markdown": {:git, "git://github.com/devinus/markdown.git", "cd0df79b6f1cc374499d47f6ba6aaab5096f874f", []},
  "meck": {:hex, :meck, "0.8.2"},
  "openaperture_auth": {:git, "https://github.com/OpenAperture/auth.git", "0ded31f747cb0b781838b5799acadcda88dd7953", [ref: "0ded31f747cb0b781838b5799acadcda88dd7953"]},
  "openaperture_fleet": {:git, "https://github.com/OpenAperture/fleet.git", "6f487b355d4dd02d8455f2f86dfc23334a446fc9", [ref: "6f487b355d4dd02d8455f2f86dfc23334a446fc9"]},
  "openaperture_manager_api": {:git, "https://github.com/OpenAperture/manager_api.git", "5d442cfbdd45e71c1101334e185d02baec3ef945", [ref: "5d442cfbdd45e71c1101334e185d02baec3ef945"]},
  "openaperture_messaging": {:git, "https://github.com/OpenAperture/messaging.git", "e791d59c5bfaec9daa5cf7397401795ccd064a2a", [ref: "e791d59c5bfaec9daa5cf7397401795ccd064a2a"]},
  "openaperture_overseer_api": {:git, "https://github.com/OpenAperture/overseer_api.git", "4d65d2295f2730bc74ec695c32fa0d2478158182", [ref: "4d65d2295f2730bc74ec695c32fa0d2478158182"]},
  "openaperture_workflow_orchestrator_api": {:git, "https://github.com/OpenAperture/workflow_orchestrator_api.git", "b5b027d860c367d34ec116292fd8e7e4ca07623f", [ref: "b5b027d860c367d34ec116292fd8e7e4ca07623f"]},
  "poison": {:hex, :poison, "1.3.1"},
  "rabbit_common": {:hex, :rabbit_common, "3.5.0"},
  "ssl_verify_hostname": {:hex, :ssl_verify_hostname, "1.0.4"},
  "timex": {:hex, :timex, "0.12.9"},
  "timex_extensions": {:git, "https://github.com/OpenAperture/timex_extensions.git", "ab9d8820625171afbb80ccba1aa48feeb43dd790", [ref: "ab9d8820625171afbb80ccba1aa48feeb43dd790"]},
  "uuid": {:hex, :uuid, "0.1.5"}}
