%{"amqp": {:hex, :amqp, "0.1.0"},
  "amqp_client": {:hex, :amqp_client, "3.4.0"},
  "cloudos_messaging": {:git, "git@github.com:UmbrellaCorporation-SecretProjectLab/cloudos_messaging.git", "890cd14c0d1e806595ab69bfc56bc9f9ea88a039", [ref: "890cd14c0d1e806595ab69bfc56bc9f9ea88a039"]},
  "exactor": {:hex, :exactor, "2.0.1"},
  "exjsx": {:hex, :exjsx, "3.1.0"},
  "exvcr": {:git, "git://github.com/parroty/exvcr.git", "b418f02b3515e72185dc74d76741dc67787f539e", [ref: "b418f02b3515e72185dc74d76741dc67787f539e"]},
  "hackney": {:hex, :hackney, "1.0.6"},
  "httpoison": {:hex, :httpoison, "0.6.2"},
  "idna": {:hex, :idna, "1.0.2"},
  "json": {:hex, :json, "0.3.2"},
  "jsx": {:hex, :jsx, "2.4.0"},
  "meck": {:hex, :meck, "0.8.2"},
  "rabbit_common": {:hex, :rabbit_common, "3.4.0"},
  "ssl_verify_hostname": {:hex, :ssl_verify_hostname, "1.0.1"},
  "timex": {:hex, :timex, "0.12.9"},
  "timex_extensions": {:git, "git@github.com:UmbrellaCorporation-SecretProjectLab/timex_extensions.git", "7cf7cea363155eb753415a2f2c4f7a81db520c53", [ref: "master"]},
  "uuid": {:hex, :uuid, "0.1.5"}}
